
Microsoft Visual Studio Solution File, Format Version 12.00
# Visual Studio 15
VisualStudioVersion = 15.0.28307.421
MinimumVisualStudioVersion = 10.0.40219.1
Project("{FAE04EC0-301F-11D3-BF4B-00C04F79EFBC}") = "RazorPagesMovie", "RazorPagesMovie\RazorPagesMovie.csproj", "{757ABC5D-536A-4A3C-B22C-A1867058336E}"
EndProject
Global
	GlobalSection(SolutionConfigurationPlatforms) = preSolution
		Debug|Any CPU = Debug|Any CPU
		Release|Any CPU = Release|Any CPU
	EndGlobalSection
	GlobalSection(ProjectConfigurationPlatforms) = postSolution
		{757ABC5D-536A-4A3C-B22C-A1867058336E}.Debug|Any CPU.ActiveCfg = Debug|Any CPU
		{757ABC5D-536A-4A3C-B22C-A1867058336E}.Debug|Any CPU.Build.0 = Debug|Any CPU
		{757ABC5D-536A-4A3C-B22C-A1867058336E}.Release|Any CPU.ActiveCfg = Release|Any CPU
		{757ABC5D-536A-4A3C-B22C-A1867058336E}.Release|Any CPU.Build.0 = Release|Any CPU
	EndGlobalSection
	GlobalSection(SolutionProperties) = preSolution
		HideSolutionNode = FALSE
	EndGlobalSection
	GlobalSection(ExtensibilityGlobals) = postSolution
		SolutionGuid = {9FFE8411-FE15-4DBD-BB3B-1E03433B315D}
	EndGlobalSection
EndGlobal
